# This file is autogenerated, do not edit; changes may be undone by the next 'dep ensure'.


[[projects]]
  branch = "master"
  name = "github.com/eawsy/aws-lambda-go-core"
  packages = ["service/lambda/runtime"]
  revision = "e26eed6aa244a3d45aa693816a9c5faf39390fcd"

[[projects]]
  name = "github.com/gorilla/websocket"
  packages = ["."]
  revision = "ea4d1f681babbce9545c9c5f3d5194a789c89f5b"
  version = "v1.2.0"

[[projects]]
  name = "github.com/mafredri/cdp"
  packages = [".","devtool","protocol","protocol/accessibility","protocol/animation","protocol/applicationcache","protocol/browser","protocol/cachestorage","protocol/console","protocol/css","protocol/database","protocol/debugger","protocol/deviceorientation","protocol/dom","protocol/domdebugger","protocol/domsnapshot","protocol/domstorage","protocol/emulation","protocol/heapprofiler","protocol/indexeddb","protocol/input","protocol/inspector","protocol/internal","protocol/io","protocol/layertree","protocol/log","protocol/memory","protocol/network","protocol/overlay","protocol/page","protocol/profiler","protocol/runtime","protocol/schema","protocol/security","protocol/serviceworker","protocol/storage","protocol/systeminfo","protocol/target","protocol/tethering","protocol/tracing","rpcc"]
  revision = "e5aa66ea6474eb969036bf1779f6225c74ae8f96"
  version = "v0.9.1"

[solve-meta]
  analyzer-name = "dep"
  analyzer-version = 1
  inputs-digest = "719a6f0e0ff4fb4a2647d054e381f7ca0f88dd479aadd611bb0770dadd7cab44"
  solver-name = "gps-cdcl"
  solver-version = 1
